# THIS IS AN AUTOGENERATED FILE. DO NOT EDIT THIS FILE DIRECTLY.
# yarn lockfile v1


sp-react-native-mqtt@^0.5.1:
  version "0.5.1"
  resolved "https://registry.yarnpkg.com/sp-react-native-mqtt/-/sp-react-native-mqtt-0.5.1.tgz#935d64a7fa42d47a287c213c49551609d7d1ead3"
  integrity sha512-8JdwBhy7HK2T7Z45Lc8fm43GeB/9B2m6BIVzbzc17N16ZwuB0R6BLgcCOPVfQJcxR49by5CnYAVPTus3L3guug==
